
Microsoft Visual Studio Solution File, Format Version 12.00
# Visual Studio 14
VisualStudioVersion = 14.0.25420.1
MinimumVisualStudioVersion = 10.0.40219.1
Project("{FAE04EC0-301F-11D3-BF4B-00C04F79EFBC}") = "SimpleVendingMachine", "SimpleVendingMachine/SimpleVendingMachine.csproj", "{A690BDAC-5D8A-4641-BB3B-4B26DD2CAC28}"
EndProject
Project("{FAE04EC0-301F-11D3-BF4B-00C04F79EFBC}") = "SimpleVendingMachine.UnitTests", "SimpleVendingMachine.UnitTests\SimpleVendingMachine.UnitTests.csproj", "{C475B59B-4C2C-484B-AC62-75AFD4901E56}"
EndProject
Global
	GlobalSection(SolutionConfigurationPlatforms) = preSolution
		Debug|Any CPU = Debug|Any CPU
		Release|Any CPU = Release|Any CPU
	EndGlobalSection
	GlobalSection(ProjectConfigurationPlatforms) = postSolution
		{A690BDAC-5D8A-4641-BB3B-4B26DD2CAC28}.Debug|Any CPU.ActiveCfg = Debug|Any CPU
		{A690BDAC-5D8A-4641-BB3B-4B26DD2CAC28}.Debug|Any CPU.Build.0 = Debug|Any CPU
		{A690BDAC-5D8A-4641-BB3B-4B26DD2CAC28}.Release|Any CPU.ActiveCfg = Release|Any CPU
		{A690BDAC-5D8A-4641-BB3B-4B26DD2CAC28}.Release|Any CPU.Build.0 = Release|Any CPU
		{C475B59B-4C2C-484B-AC62-75AFD4901E56}.Debug|Any CPU.ActiveCfg = Debug|Any CPU
		{C475B59B-4C2C-484B-AC62-75AFD4901E56}.Debug|Any CPU.Build.0 = Debug|Any CPU
		{C475B59B-4C2C-484B-AC62-75AFD4901E56}.Release|Any CPU.ActiveCfg = Release|Any CPU
		{C475B59B-4C2C-484B-AC62-75AFD4901E56}.Release|Any CPU.Build.0 = Release|Any CPU
	EndGlobalSection
	GlobalSection(SolutionProperties) = preSolution
		HideSolutionNode = FALSE
	EndGlobalSection
EndGlobal
